{
  "name": "portfolio",
  "version": "0.1.0",
  "lockfileVersion": 2,
  "requires": true,
  "packages": {
    "": {
      "name": "portfolio",
      "version": "0.1.0",
      "dependencies": {
        "@emailjs/browser": "^3.11.0",
        "@fontsource/playfair-display": "^5.0.8",
        "aos": "^2.3.4",
        "emailjs": "^4.0.2",
        "file-saver": "^2.0.5",
        "framer-motion": "^10.15.0",
        "motion": "^10.16.2",
        "next": "13.4.12",
        "react": "18.2.0",
        "react-dom": "18.2.0",
        "react-icons": "^4.10.1",
        "react-toastify": "^9.1.3"
      }
    },
    "node_modules/@emailjs/browser": {
      "version": "3.11.0",
      "resolved": "https://registry.npmjs.org/@emailjs/browser/-/browser-3.11.0.tgz",
      "integrity": "sha512-RkY3FKZ3fPdK++OeF46mRTFpmmQWCHUVHZH209P3NE4D5sg2Atg7S2wa3gw5062Gl4clt4Wn5SyC4WhlVZC5pA==",
      "engines": {
        "node": ">=14.0.0"
      }
    },
    "node_modules/@emotion/is-prop-valid": {
      "version": "0.8.8",
      "resolved": "https://registry.npmjs.org/@emotion/is-prop-valid/-/is-prop-valid-0.8.8.tgz",
      "integrity": "sha512-u5WtneEAr5IDG2Wv65yhunPSMLIpuKsbuOktRojfrEiEvRyC85LgPMZI63cr7NUqT8ZIGdSVg8ZKGxIug4lXcA==",
      "optional": true,
      "dependencies": {
        "@emotion/memoize": "0.7.4"
      }
    },
    "node_modules/@emotion/memoize": {
      "version": "0.7.4",
      "resolved": "https://registry.npmjs.org/@emotion/memoize/-/memoize-0.7.4.tgz",
      "integrity": "sha512-Ja/Vfqe3HpuzRsG1oBtWTHk2PGZ7GR+2Vz5iYGelAw8dx32K0y7PjVuxK6z1nMpZOqAFsRUPCkK1YjJ56qJlgw==",
      "optional": true
    },
    "node_modules/@fontsource/playfair-display": {
      "version": "5.0.8",
      "resolved": "https://registry.npmjs.org/@fontsource/playfair-display/-/playfair-display-5.0.8.tgz",
      "integrity": "sha512-M5X0P3KWipF0zVmbTRtwKmJPU1K3uDiJemLsxNfMpFY87ka0M6V/ecdJJwB8eYV+ElrwPdc87BPBhmZLoVgh/Q=="
    },
    "node_modules/@motionone/animation": {
      "version": "10.15.1",
      "resolved": "https://registry.npmjs.org/@motionone/animation/-/animation-10.15.1.tgz",
      "integrity": "sha512-mZcJxLjHor+bhcPuIFErMDNyrdb2vJur8lSfMCsuCB4UyV8ILZLvK+t+pg56erv8ud9xQGK/1OGPt10agPrCyQ==",
      "dependencies": {
        "@motionone/easing": "^10.15.1",
        "@motionone/types": "^10.15.1",
        "@motionone/utils": "^10.15.1",
        "tslib": "^2.3.1"
      }
    },
    "node_modules/@motionone/dom": {
      "version": "10.16.2",
      "resolved": "https://registry.npmjs.org/@motionone/dom/-/dom-10.16.2.tgz",
      "integrity": "sha512-bnuHdNbge1FutZXv+k7xub9oPWcF0hsu8y1HTH/qg6av58YI0VufZ3ngfC7p2xhMJMnoh0LXFma2EGTgPeCkeg==",
      "dependencies": {
        "@motionone/animation": "^10.15.1",
        "@motionone/generators": "^10.15.1",
        "@motionone/types": "^10.15.1",
        "@motionone/utils": "^10.15.1",
        "hey-listen": "^1.0.8",
        "tslib": "^2.3.1"
      }
    },
    "node_modules/@motionone/easing": {
      "version": "10.15.1",
      "resolved": "https://registry.npmjs.org/@motionone/easing/-/easing-10.15.1.tgz",
      "integrity": "sha512-6hIHBSV+ZVehf9dcKZLT7p5PEKHGhDwky2k8RKkmOvUoYP3S+dXsKupyZpqx5apjd9f+php4vXk4LuS+ADsrWw==",
      "dependencies": {
        "@motionone/utils": "^10.15.1",
        "tslib": "^2.3.1"
      }
    },
    "node_modules/@motionone/generators": {
      "version": "10.15.1",
      "resolved": "https://registry.npmjs.org/@motionone/generators/-/generators-10.15.1.tgz",
      "integrity": "sha512-67HLsvHJbw6cIbLA/o+gsm7h+6D4Sn7AUrB/GPxvujse1cGZ38F5H7DzoH7PhX+sjvtDnt2IhFYF2Zp1QTMKWQ==",
      "dependencies": {
        "@motionone/types": "^10.15.1",
        "@motionone/utils": "^10.15.1",
        "tslib": "^2.3.1"
      }
    },
    "node_modules/@motionone/svelte": {
      "version": "10.16.2",
      "resolved": "https://registry.npmjs.org/@motionone/svelte/-/svelte-10.16.2.tgz",
      "integrity": "sha512-38xsroKrfK+aHYhuQlE6eFcGy0EwrB43Q7RGjF73j/kRUTcLNu/LAaKiLLsN5lyqVzCgTBVt4TMT/ShWbTbc5Q==",
      "dependencies": {
        "@motionone/dom": "^10.16.2",
        "tslib": "^2.3.1"
      }
    },
    "node_modules/@motionone/types": {
      "version": "10.15.1",
      "resolved": "https://registry.npmjs.org/@motionone/types/-/types-10.15.1.tgz",
      "integrity": "sha512-iIUd/EgUsRZGrvW0jqdst8st7zKTzS9EsKkP+6c6n4MPZoQHwiHuVtTQLD6Kp0bsBLhNzKIBlHXponn/SDT4hA=="
    },
    "node_modules/@motionone/utils": {
      "version": "10.15.1",
      "resolved": "https://registry.npmjs.org/@motionone/utils/-/utils-10.15.1.tgz",
      "integrity": "sha512-p0YncgU+iklvYr/Dq4NobTRdAPv9PveRDUXabPEeOjBLSO/1FNB2phNTZxOxpi1/GZwYpAoECEa0Wam+nsmhSw==",
      "dependencies": {
        "@motionone/types": "^10.15.1",
        "hey-listen": "^1.0.8",
        "tslib": "^2.3.1"
      }
    },
    "node_modules/@motionone/vue": {
      "version": "10.16.2",
      "resolved": "https://registry.npmjs.org/@motionone/vue/-/vue-10.16.2.tgz",
      "integrity": "sha512-7/dEK/nWQXOkJ70bqb2KyNfSWbNvWqKKq1C8juj+0Mg/AorgD8O5wE3naddK0G+aXuNMqRuc4jlsYHHWHtIzVw==",
      "dependencies": {
        "@motionone/dom": "^10.16.2",
        "tslib": "^2.3.1"
      }
    },
    "node_modules/@next/env": {
      "version": "13.4.12",
      "resolved": "https://registry.npmjs.org/@next/env/-/env-13.4.12.tgz",
      "integrity": "sha512-RmHanbV21saP/6OEPBJ7yJMuys68cIf8OBBWd7+uj40LdpmswVAwe1uzeuFyUsd6SfeITWT3XnQfn6wULeKwDQ=="
    },
    "node_modules/@next/swc-darwin-arm64": {
      "version": "13.4.12",
      "resolved": "https://registry.npmjs.org/@next/swc-darwin-arm64/-/swc-darwin-arm64-13.4.12.tgz",
      "integrity": "sha512-deUrbCXTMZ6ZhbOoloqecnUeNpUOupi8SE2tx4jPfNS9uyUR9zK4iXBvH65opVcA/9F5I/p8vDXSYbUlbmBjZg==",
      "cpu": [
        "arm64"
      ],
      "optional": true,
      "os": [
        "darwin"
      ],
      "engines": {
        "node": ">= 10"
      }
    },
    "node_modules/@next/swc-darwin-x64": {
      "version": "13.4.12",
      "resolved": "https://registry.npmjs.org/@next/swc-darwin-x64/-/swc-darwin-x64-13.4.12.tgz",
      "integrity": "sha512-WRvH7RxgRHlC1yb5oG0ZLx8F7uci9AivM5/HGGv9ZyG2Als8Ij64GC3d+mQ5sJhWjusyU6T6V1WKTUoTmOB0zQ==",
      "cpu": [
        "x64"
      ],
      "optional": true,
      "os": [
        "darwin"
      ],
      "engines": {
        "node": ">= 10"
      }
    },
    "node_modules/@next/swc-linux-arm64-gnu": {
      "version": "13.4.12",
      "resolved": "https://registry.npmjs.org/@next/swc-linux-arm64-gnu/-/swc-linux-arm64-gnu-13.4.12.tgz",
      "integrity": "sha512-YEKracAWuxp54tKiAvvq73PUs9lok57cc8meYRibTWe/VdPB2vLgkTVWFcw31YDuRXdEhdX0fWS6Q+ESBhnEig==",
      "cpu": [
        "arm64"
      ],
      "optional": true,
      "os": [
        "linux"
      ],
      "engines": {
        "node": ">= 10"
      }
    },
    "node_modules/@next/swc-linux-arm64-musl": {
      "version": "13.4.12",
      "resolved": "https://registry.npmjs.org/@next/swc-linux-arm64-musl/-/swc-linux-arm64-musl-13.4.12.tgz",
      "integrity": "sha512-LhJR7/RAjdHJ2Isl2pgc/JaoxNk0KtBgkVpiDJPVExVWA1c6gzY57+3zWuxuyWzTG+fhLZo2Y80pLXgIJv7g3g==",
      "cpu": [
        "arm64"
      ],
      "optional": true,
      "os": [
        "linux"
      ],
      "engines": {
        "node": ">= 10"
      }
    },
    "node_modules/@next/swc-linux-x64-gnu": {
      "version": "13.4.12",
      "resolved": "https://registry.npmjs.org/@next/swc-linux-x64-gnu/-/swc-linux-x64-gnu-13.4.12.tgz",
      "integrity": "sha512-1DWLL/B9nBNiQRng+1aqs3OaZcxC16Nf+mOnpcrZZSdyKHek3WQh6j/fkbukObgNGwmCoVevLUa/p3UFTTqgqg==",
      "cpu": [
        "x64"
      ],
      "optional": true,
      "os": [
        "linux"
      ],
      "engines": {
        "node": ">= 10"
      }
    },
    "node_modules/@next/swc-linux-x64-musl": {
      "version": "13.4.12",
      "resolved": "https://registry.npmjs.org/@next/swc-linux-x64-musl/-/swc-linux-x64-musl-13.4.12.tgz",
      "integrity": "sha512-kEAJmgYFhp0VL+eRWmUkVxLVunn7oL9Mdue/FS8yzRBVj7Z0AnIrHpTIeIUl1bbdQq1VaoOztnKicAjfkLTRCQ==",
      "cpu": [
        "x64"
      ],
      "optional": true,
      "os": [
        "linux"
      ],
      "engines": {
        "node": ">= 10"
      }
    },
    "node_modules/@next/swc-win32-arm64-msvc": {
      "version": "13.4.12",
      "resolved": "https://registry.npmjs.org/@next/swc-win32-arm64-msvc/-/swc-win32-arm64-msvc-13.4.12.tgz",
      "integrity": "sha512-GMLuL/loR6yIIRTnPRY6UGbLL9MBdw2anxkOnANxvLvsml4F0HNIgvnU3Ej4BjbqMTNjD4hcPFdlEow4XHPdZA==",
      "cpu": [
        "arm64"
      ],
      "optional": true,
      "os": [
        "win32"
      ],
      "engines": {
        "node": ">= 10"
      }
    },
    "node_modules/@next/swc-win32-ia32-msvc": {
      "version": "13.4.12",
      "resolved": "https://registry.npmjs.org/@next/swc-win32-ia32-msvc/-/swc-win32-ia32-msvc-13.4.12.tgz",
      "integrity": "sha512-PhgNqN2Vnkm7XaMdRmmX0ZSwZXQAtamBVSa9A/V1dfKQCV1rjIZeiy/dbBnVYGdj63ANfsOR/30XpxP71W0eww==",
      "cpu": [
        "ia32"
      ],
      "optional": true,
      "os": [
        "win32"
      ],
      "engines": {
        "node": ">= 10"
      }
    },
    "node_modules/@next/swc-win32-x64-msvc": {
      "version": "13.4.12",
      "resolved": "https://registry.npmjs.org/@next/swc-win32-x64-msvc/-/swc-win32-x64-msvc-13.4.12.tgz",
      "integrity": "sha512-Z+56e/Ljt0bUs+T+jPjhFyxYBcdY2RIq9ELFU+qAMQMteHo7ymbV7CKmlcX59RI9C4YzN8PgMgLyAoi916b5HA==",
      "cpu": [
        "x64"
      ],
      "optional": true,
      "os": [
        "win32"
      ],
      "engines": {
        "node": ">= 10"
      }
    },
    "node_modules/@swc/helpers": {
      "version": "0.5.1",
      "resolved": "https://registry.npmjs.org/@swc/helpers/-/helpers-0.5.1.tgz",
      "integrity": "sha512-sJ902EfIzn1Fa+qYmjdQqh8tPsoxyBz+8yBKC2HKUxyezKJFwPGOn7pv4WY6QuQW//ySQi5lJjA/ZT9sNWWNTg==",
      "dependencies": {
        "tslib": "^2.4.0"
      }
    },
    "node_modules/aos": {
      "version": "2.3.4",
      "resolved": "https://registry.npmjs.org/aos/-/aos-2.3.4.tgz",
      "integrity": "sha512-zh/ahtR2yME4I51z8IttIt4lC1Nw0ktsFtmeDzID1m9naJnWXhCoARaCgNOGXb5CLy3zm+wqmRAEgMYB5E2HUw==",
      "dependencies": {
        "classlist-polyfill": "^1.0.3",
        "lodash.debounce": "^4.0.6",
        "lodash.throttle": "^4.0.1"
      }
    },
    "node_modules/busboy": {
      "version": "1.6.0",
      "resolved": "https://registry.npmjs.org/busboy/-/busboy-1.6.0.tgz",
      "integrity": "sha512-8SFQbg/0hQ9xy3UNTB0YEnsNBbWfhf7RtnzpL7TkBiTBRfrQ9Fxcnz7VJsleJpyp6rVLvXiuORqjlHi5q+PYuA==",
      "dependencies": {
        "streamsearch": "^1.1.0"
      },
      "engines": {
        "node": ">=10.16.0"
      }
    },
    "node_modules/caniuse-lite": {
      "version": "1.0.30001518",
      "resolved": "https://registry.npmjs.org/caniuse-lite/-/caniuse-lite-1.0.30001518.tgz",
      "integrity": "sha512-rup09/e3I0BKjncL+FesTayKtPrdwKhUufQFd3riFw1hHg8JmIFoInYfB102cFcY/pPgGmdyl/iy+jgiDi2vdA==",
      "funding": [
        {
          "type": "opencollective",
          "url": "https://opencollective.com/browserslist"
        },
        {
          "type": "tidelift",
          "url": "https://tidelift.com/funding/github/npm/caniuse-lite"
        },
        {
          "type": "github",
          "url": "https://github.com/sponsors/ai"
        }
      ]
    },
    "node_modules/classlist-polyfill": {
      "version": "1.2.0",
      "resolved": "https://registry.npmjs.org/classlist-polyfill/-/classlist-polyfill-1.2.0.tgz",
      "integrity": "sha512-GzIjNdcEtH4ieA2S8NmrSxv7DfEV5fmixQeyTmqmRmRJPGpRBaSnA2a0VrCjyT8iW8JjEdMbKzDotAJf+ajgaQ=="
    },
    "node_modules/client-only": {
      "version": "0.0.1",
      "resolved": "https://registry.npmjs.org/client-only/-/client-only-0.0.1.tgz",
      "integrity": "sha512-IV3Ou0jSMzZrd3pZ48nLkT9DA7Ag1pnPzaiQhpW7c3RbcqqzvzzVu+L8gfqMp/8IM2MQtSiqaCxrrcfu8I8rMA=="
    },
    "node_modules/clsx": {
      "version": "1.2.1",
      "resolved": "https://registry.npmjs.org/clsx/-/clsx-1.2.1.tgz",
      "integrity": "sha512-EcR6r5a8bj6pu3ycsa/E/cKVGuTgZJZdsyUYHOksG/UHIiKfjxzRxYJpyVBwYaQeOvghal9fcc4PidlgzugAQg==",
      "engines": {
        "node": ">=6"
      }
    },
    "node_modules/emailjs": {
      "version": "4.0.2",
      "resolved": "https://registry.npmjs.org/emailjs/-/emailjs-4.0.2.tgz",
      "integrity": "sha512-w/tldI93qO7uw9XzdwCCRR36OY/TYJxB81vEOmQkmxVDZOdrAnoQoOAvaMoDmmBUSoD1msyAIwBdKFWzC7lgKQ==",
      "engines": {
        "node": ">=12"
      },
      "peerDependencies": {
        "typescript": ">=4.3.5"
      },
      "peerDependenciesMeta": {
        "typescript": {
          "optional": true
        }
      }
    },
    "node_modules/file-saver": {
      "version": "2.0.5",
      "resolved": "https://registry.npmjs.org/file-saver/-/file-saver-2.0.5.tgz",
      "integrity": "sha512-P9bmyZ3h/PRG+Nzga+rbdI4OEpNDzAVyy74uVO9ATgzLK6VtAsYybF/+TOCvrc0MO793d6+42lLyZTw7/ArVzA=="
    },
    "node_modules/framer-motion": {
      "version": "10.15.0",
      "resolved": "https://registry.npmjs.org/framer-motion/-/framer-motion-10.15.0.tgz",
      "integrity": "sha512-HDjWrYWgbO5orKuhnXETLFzk7UUvwWur2HFs2elAZ8lVpI49ClHql31DNTVvVBcOrSHfAOS4eBDBedIvOx634w==",
      "dependencies": {
        "tslib": "^2.4.0"
      },
      "optionalDependencies": {
        "@emotion/is-prop-valid": "^0.8.2"
      },
      "peerDependencies": {
        "react": "^18.0.0",
        "react-dom": "^18.0.0"
      },
      "peerDependenciesMeta": {
        "react": {
          "optional": true
        },
        "react-dom": {
          "optional": true
        }
      }
    },
    "node_modules/glob-to-regexp": {
      "version": "0.4.1",
      "resolved": "https://registry.npmjs.org/glob-to-regexp/-/glob-to-regexp-0.4.1.tgz",
      "integrity": "sha512-lkX1HJXwyMcprw/5YUZc2s7DrpAiHB21/V+E1rHUrVNokkvB6bqMzT0VfV6/86ZNabt1k14YOIaT7nDvOX3Iiw=="
    },
    "node_modules/graceful-fs": {
      "version": "4.2.11",
      "resolved": "https://registry.npmjs.org/graceful-fs/-/graceful-fs-4.2.11.tgz",
      "integrity": "sha512-RbJ5/jmFcNNCcDV5o9eTnBLJ/HszWV0P73bc+Ff4nS/rJj+YaS6IGyiOL0VoBYX+l1Wrl3k63h/KrH+nhJ0XvQ=="
    },
    "node_modules/hey-listen": {
      "version": "1.0.8",
      "resolved": "https://registry.npmjs.org/hey-listen/-/hey-listen-1.0.8.tgz",
      "integrity": "sha512-COpmrF2NOg4TBWUJ5UVyaCU2A88wEMkUPK4hNqyCkqHbxT92BbvfjoSozkAIIm6XhicGlJHhFdullInrdhwU8Q=="
    },
    "node_modules/js-tokens": {
      "version": "4.0.0",
      "resolved": "https://registry.npmjs.org/js-tokens/-/js-tokens-4.0.0.tgz",
      "integrity": "sha512-RdJUflcE3cUzKiMqQgsCu06FPu9UdIJO0beYbPhHN4k6apgJtifcoCtT9bcxOpYBtpD2kCM6Sbzg4CausW/PKQ=="
    },
    "node_modules/lodash.debounce": {
      "version": "4.0.8",
      "resolved": "https://registry.npmjs.org/lodash.debounce/-/lodash.debounce-4.0.8.tgz",
      "integrity": "sha512-FT1yDzDYEoYWhnSGnpE/4Kj1fLZkDFyqRb7fNt6FdYOSxlUWAtp42Eh6Wb0rGIv/m9Bgo7x4GhQbm5Ys4SG5ow=="
    },
    "node_modules/lodash.throttle": {
      "version": "4.1.1",
      "resolved": "https://registry.npmjs.org/lodash.throttle/-/lodash.throttle-4.1.1.tgz",
      "integrity": "sha512-wIkUCfVKpVsWo3JSZlc+8MB5it+2AN5W8J7YVMST30UrvcQNZ1Okbj+rbVniijTWE6FGYy4XJq/rHkas8qJMLQ=="
    },
    "node_modules/loose-envify": {
      "version": "1.4.0",
      "resolved": "https://registry.npmjs.org/loose-envify/-/loose-envify-1.4.0.tgz",
      "integrity": "sha512-lyuxPGr/Wfhrlem2CL/UcnUc1zcqKAImBDzukY7Y5F/yQiNdko6+fRLevlw1HgMySw7f611UIY408EtxRSoK3Q==",
      "dependencies": {
        "js-tokens": "^3.0.0 || ^4.0.0"
      },
      "bin": {
        "loose-envify": "cli.js"
      }
    },
    "node_modules/motion": {
      "version": "10.16.2",
      "resolved": "https://registry.npmjs.org/motion/-/motion-10.16.2.tgz",
      "integrity": "sha512-p+PurYqfUdcJZvtnmAqu5fJgV2kR0uLFQuBKtLeFVTrYEVllI99tiOTSefVNYuip9ELTEkepIIDftNdze76NAQ==",
      "dependencies": {
        "@motionone/animation": "^10.15.1",
        "@motionone/dom": "^10.16.2",
        "@motionone/svelte": "^10.16.2",
        "@motionone/types": "^10.15.1",
        "@motionone/utils": "^10.15.1",
        "@motionone/vue": "^10.16.2"
      }
    },
    "node_modules/nanoid": {
      "version": "3.3.6",
      "resolved": "https://registry.npmjs.org/nanoid/-/nanoid-3.3.6.tgz",
      "integrity": "sha512-BGcqMMJuToF7i1rt+2PWSNVnWIkGCU78jBG3RxO/bZlnZPK2Cmi2QaffxGO/2RvWi9sL+FAiRiXMgsyxQ1DIDA==",
      "funding": [
        {
          "type": "github",
          "url": "https://github.com/sponsors/ai"
        }
      ],
      "bin": {
        "nanoid": "bin/nanoid.cjs"
      },
      "engines": {
        "node": "^10 || ^12 || ^13.7 || ^14 || >=15.0.1"
      }
    },
    "node_modules/next": {
      "version": "13.4.12",
      "resolved": "https://registry.npmjs.org/next/-/next-13.4.12.tgz",
      "integrity": "sha512-eHfnru9x6NRmTMcjQp6Nz0J4XH9OubmzOa7CkWL+AUrUxpibub3vWwttjduu9No16dug1kq04hiUUpo7J3m3Xw==",
      "dependencies": {
        "@next/env": "13.4.12",
        "@swc/helpers": "0.5.1",
        "busboy": "1.6.0",
        "caniuse-lite": "^1.0.30001406",
        "postcss": "8.4.14",
        "styled-jsx": "5.1.1",
        "watchpack": "2.4.0",
        "zod": "3.21.4"
      },
      "bin": {
        "next": "dist/bin/next"
      },
      "engines": {
        "node": ">=16.8.0"
      },
      "optionalDependencies": {
        "@next/swc-darwin-arm64": "13.4.12",
        "@next/swc-darwin-x64": "13.4.12",
        "@next/swc-linux-arm64-gnu": "13.4.12",
        "@next/swc-linux-arm64-musl": "13.4.12",
        "@next/swc-linux-x64-gnu": "13.4.12",
        "@next/swc-linux-x64-musl": "13.4.12",
        "@next/swc-win32-arm64-msvc": "13.4.12",
        "@next/swc-win32-ia32-msvc": "13.4.12",
        "@next/swc-win32-x64-msvc": "13.4.12"
      },
      "peerDependencies": {
        "@opentelemetry/api": "^1.1.0",
        "fibers": ">= 3.1.0",
        "react": "^18.2.0",
        "react-dom": "^18.2.0",
        "sass": "^1.3.0"
      },
      "peerDependenciesMeta": {
        "@opentelemetry/api": {
          "optional": true
        },
        "fibers": {
          "optional": true
        },
        "sass": {
          "optional": true
        }
      }
    },
    "node_modules/picocolors": {
      "version": "1.0.0",
      "resolved": "https://registry.npmjs.org/picocolors/-/picocolors-1.0.0.tgz",
      "integrity": "sha512-1fygroTLlHu66zi26VoTDv8yRgm0Fccecssto+MhsZ0D/DGW2sm8E8AjW7NU5VVTRt5GxbeZ5qBuJr+HyLYkjQ=="
    },
    "node_modules/postcss": {
      "version": "8.4.14",
      "resolved": "https://registry.npmjs.org/postcss/-/postcss-8.4.14.tgz",
      "integrity": "sha512-E398TUmfAYFPBSdzgeieK2Y1+1cpdxJx8yXbK/m57nRhKSmk1GB2tO4lbLBtlkfPQTDKfe4Xqv1ASWPpayPEig==",
      "funding": [
        {
          "type": "opencollective",
          "url": "https://opencollective.com/postcss/"
        },
        {
          "type": "tidelift",
          "url": "https://tidelift.com/funding/github/npm/postcss"
        }
      ],
      "dependencies": {
        "nanoid": "^3.3.4",
        "picocolors": "^1.0.0",
        "source-map-js": "^1.0.2"
      },
      "engines": {
        "node": "^10 || ^12 || >=14"
      }
    },
    "node_modules/react": {
      "version": "18.2.0",
      "resolved": "https://registry.npmjs.org/react/-/react-18.2.0.tgz",
      "integrity": "sha512-/3IjMdb2L9QbBdWiW5e3P2/npwMBaU9mHCSCUzNln0ZCYbcfTsGbTJrU/kGemdH2IWmB2ioZ+zkxtmq6g09fGQ==",
      "dependencies": {
        "loose-envify": "^1.1.0"
      },
      "engines": {
        "node": ">=0.10.0"
      }
    },
    "node_modules/react-dom": {
      "version": "18.2.0",
      "resolved": "https://registry.npmjs.org/react-dom/-/react-dom-18.2.0.tgz",
      "integrity": "sha512-6IMTriUmvsjHUjNtEDudZfuDQUoWXVxKHhlEGSk81n4YFS+r/Kl99wXiwlVXtPBtJenozv2P+hxDsw9eA7Xo6g==",
      "dependencies": {
        "loose-envify": "^1.1.0",
        "scheduler": "^0.23.0"
      },
      "peerDependencies": {
        "react": "^18.2.0"
      }
    },
    "node_modules/react-icons": {
      "version": "4.10.1",
      "resolved": "https://registry.npmjs.org/react-icons/-/react-icons-4.10.1.tgz",
      "integrity": "sha512-/ngzDP/77tlCfqthiiGNZeYFACw85fUjZtLbedmJ5DTlNDIwETxhwBzdOJ21zj4iJdvc0J3y7yOsX3PpxAJzrw==",
      "peerDependencies": {
        "react": "*"
      }
    },
    "node_modules/react-toastify": {
      "version": "9.1.3",
      "resolved": "https://registry.npmjs.org/react-toastify/-/react-toastify-9.1.3.tgz",
      "integrity": "sha512-fPfb8ghtn/XMxw3LkxQBk3IyagNpF/LIKjOBflbexr2AWxAH1MJgvnESwEwBn9liLFXgTKWgBSdZpw9m4OTHTg==",
      "dependencies": {
        "clsx": "^1.1.1"
      },
      "peerDependencies": {
        "react": ">=16",
        "react-dom": ">=16"
      }
    },
    "node_modules/scheduler": {
      "version": "0.23.0",
      "resolved": "https://registry.npmjs.org/scheduler/-/scheduler-0.23.0.tgz",
      "integrity": "sha512-CtuThmgHNg7zIZWAXi3AsyIzA3n4xx7aNyjwC2VJldO2LMVDhFK+63xGqq6CsJH4rTAt6/M+N4GhZiDYPx9eUw==",
      "dependencies": {
        "loose-envify": "^1.1.0"
      }
    },
    "node_modules/source-map-js": {
      "version": "1.0.2",
      "resolved": "https://registry.npmjs.org/source-map-js/-/source-map-js-1.0.2.tgz",
      "integrity": "sha512-R0XvVJ9WusLiqTCEiGCmICCMplcCkIwwR11mOSD9CR5u+IXYdiseeEuXCVAjS54zqwkLcPNnmU4OeJ6tUrWhDw==",
      "engines": {
        "node": ">=0.10.0"
      }
    },
    "node_modules/streamsearch": {
      "version": "1.1.0",
      "resolved": "https://registry.npmjs.org/streamsearch/-/streamsearch-1.1.0.tgz",
      "integrity": "sha512-Mcc5wHehp9aXz1ax6bZUyY5afg9u2rv5cqQI3mRrYkGC8rW2hM02jWuwjtL++LS5qinSyhj2QfLyNsuc+VsExg==",
      "engines": {
        "node": ">=10.0.0"
      }
    },
    "node_modules/styled-jsx": {
      "version": "5.1.1",
      "resolved": "https://registry.npmjs.org/styled-jsx/-/styled-jsx-5.1.1.tgz",
      "integrity": "sha512-pW7uC1l4mBZ8ugbiZrcIsiIvVx1UmTfw7UkC3Um2tmfUq9Bhk8IiyEIPl6F8agHgjzku6j0xQEZbfA5uSgSaCw==",
      "dependencies": {
        "client-only": "0.0.1"
      },
      "engines": {
        "node": ">= 12.0.0"
      },
      "peerDependencies": {
        "react": ">= 16.8.0 || 17.x.x || ^18.0.0-0"
      },
      "peerDependenciesMeta": {
        "@babel/core": {
          "optional": true
        },
        "babel-plugin-macros": {
          "optional": true
        }
      }
    },
    "node_modules/tslib": {
      "version": "2.6.1",
      "resolved": "https://registry.npmjs.org/tslib/-/tslib-2.6.1.tgz",
      "integrity": "sha512-t0hLfiEKfMUoqhG+U1oid7Pva4bbDPHYfJNiB7BiIjRkj1pyC++4N3huJfqY6aRH6VTB0rvtzQwjM4K6qpfOig=="
    },
    "node_modules/watchpack": {
      "version": "2.4.0",
      "resolved": "https://registry.npmjs.org/watchpack/-/watchpack-2.4.0.tgz",
      "integrity": "sha512-Lcvm7MGST/4fup+ifyKi2hjyIAwcdI4HRgtvTpIUxBRhB+RFtUh8XtDOxUfctVCnhVi+QQj49i91OyvzkJl6cg==",
      "dependencies": {
        "glob-to-regexp": "^0.4.1",
        "graceful-fs": "^4.1.2"
      },
      "engines": {
        "node": ">=10.13.0"
      }
    },
    "node_modules/zod": {
      "version": "3.21.4",
      "resolved": "https://registry.npmjs.org/zod/-/zod-3.21.4.tgz",
      "integrity": "sha512-m46AKbrzKVzOzs/DZgVnG5H55N1sv1M8qZU3A8RIKbs3mrACDNeIOeilDymVb2HdmP8uwshOCF4uJ8uM9rCqJw==",
      "funding": {
        "url": "https://github.com/sponsors/colinhacks"
      }
    }
  },
  "dependencies": {
    "@emailjs/browser": {
      "version": "3.11.0",
      "resolved": "https://registry.npmjs.org/@emailjs/browser/-/browser-3.11.0.tgz",
      "integrity": "sha512-RkY3FKZ3fPdK++OeF46mRTFpmmQWCHUVHZH209P3NE4D5sg2Atg7S2wa3gw5062Gl4clt4Wn5SyC4WhlVZC5pA=="
    },
    "@emotion/is-prop-valid": {
      "version": "0.8.8",
      "resolved": "https://registry.npmjs.org/@emotion/is-prop-valid/-/is-prop-valid-0.8.8.tgz",
      "integrity": "sha512-u5WtneEAr5IDG2Wv65yhunPSMLIpuKsbuOktRojfrEiEvRyC85LgPMZI63cr7NUqT8ZIGdSVg8ZKGxIug4lXcA==",
      "optional": true,
      "requires": {
        "@emotion/memoize": "0.7.4"
      }
    },
    "@emotion/memoize": {
      "version": "0.7.4",
      "resolved": "https://registry.npmjs.org/@emotion/memoize/-/memoize-0.7.4.tgz",
      "integrity": "sha512-Ja/Vfqe3HpuzRsG1oBtWTHk2PGZ7GR+2Vz5iYGelAw8dx32K0y7PjVuxK6z1nMpZOqAFsRUPCkK1YjJ56qJlgw==",
      "optional": true
    },
    "@fontsource/playfair-display": {
      "version": "5.0.8",
      "resolved": "https://registry.npmjs.org/@fontsource/playfair-display/-/playfair-display-5.0.8.tgz",
      "integrity": "sha512-M5X0P3KWipF0zVmbTRtwKmJPU1K3uDiJemLsxNfMpFY87ka0M6V/ecdJJwB8eYV+ElrwPdc87BPBhmZLoVgh/Q=="
    },
    "@motionone/animation": {
      "version": "10.15.1",
      "resolved": "https://registry.npmjs.org/@motionone/animation/-/animation-10.15.1.tgz",
      "integrity": "sha512-mZcJxLjHor+bhcPuIFErMDNyrdb2vJur8lSfMCsuCB4UyV8ILZLvK+t+pg56erv8ud9xQGK/1OGPt10agPrCyQ==",
      "requires": {
        "@motionone/easing": "^10.15.1",
        "@motionone/types": "^10.15.1",
        "@motionone/utils": "^10.15.1",
        "tslib": "^2.3.1"
      }
    },
    "@motionone/dom": {
      "version": "10.16.2",
      "resolved": "https://registry.npmjs.org/@motionone/dom/-/dom-10.16.2.tgz",
      "integrity": "sha512-bnuHdNbge1FutZXv+k7xub9oPWcF0hsu8y1HTH/qg6av58YI0VufZ3ngfC7p2xhMJMnoh0LXFma2EGTgPeCkeg==",
      "requires": {
        "@motionone/animation": "^10.15.1",
        "@motionone/generators": "^10.15.1",
        "@motionone/types": "^10.15.1",
        "@motionone/utils": "^10.15.1",
        "hey-listen": "^1.0.8",
        "tslib": "^2.3.1"
      }
    },
    "@motionone/easing": {
      "version": "10.15.1",
      "resolved": "https://registry.npmjs.org/@motionone/easing/-/easing-10.15.1.tgz",
      "integrity": "sha512-6hIHBSV+ZVehf9dcKZLT7p5PEKHGhDwky2k8RKkmOvUoYP3S+dXsKupyZpqx5apjd9f+php4vXk4LuS+ADsrWw==",
      "requires": {
        "@motionone/utils": "^10.15.1",
        "tslib": "^2.3.1"
      }
    },
    "@motionone/generators": {
      "version": "10.15.1",
      "resolved": "https://registry.npmjs.org/@motionone/generators/-/generators-10.15.1.tgz",
      "integrity": "sha512-67HLsvHJbw6cIbLA/o+gsm7h+6D4Sn7AUrB/GPxvujse1cGZ38F5H7DzoH7PhX+sjvtDnt2IhFYF2Zp1QTMKWQ==",
      "requires": {
        "@motionone/types": "^10.15.1",
        "@motionone/utils": "^10.15.1",
        "tslib": "^2.3.1"
      }
    },
    "@motionone/svelte": {
      "version": "10.16.2",
      "resolved": "https://registry.npmjs.org/@motionone/svelte/-/svelte-10.16.2.tgz",
      "integrity": "sha512-38xsroKrfK+aHYhuQlE6eFcGy0EwrB43Q7RGjF73j/kRUTcLNu/LAaKiLLsN5lyqVzCgTBVt4TMT/ShWbTbc5Q==",
      "requires": {
        "@motionone/dom": "^10.16.2",
        "tslib": "^2.3.1"
      }
    },
    "@motionone/types": {
      "version": "10.15.1",
      "resolved": "https://registry.npmjs.org/@motionone/types/-/types-10.15.1.tgz",
      "integrity": "sha512-iIUd/EgUsRZGrvW0jqdst8st7zKTzS9EsKkP+6c6n4MPZoQHwiHuVtTQLD6Kp0bsBLhNzKIBlHXponn/SDT4hA=="
    },
    "@motionone/utils": {
      "version": "10.15.1",
      "resolved": "https://registry.npmjs.org/@motionone/utils/-/utils-10.15.1.tgz",
      "integrity": "sha512-p0YncgU+iklvYr/Dq4NobTRdAPv9PveRDUXabPEeOjBLSO/1FNB2phNTZxOxpi1/GZwYpAoECEa0Wam+nsmhSw==",
      "requires": {
        "@motionone/types": "^10.15.1",
        "hey-listen": "^1.0.8",
        "tslib": "^2.3.1"
      }
    },
    "@motionone/vue": {
      "version": "10.16.2",
      "resolved": "https://registry.npmjs.org/@motionone/vue/-/vue-10.16.2.tgz",
      "integrity": "sha512-7/dEK/nWQXOkJ70bqb2KyNfSWbNvWqKKq1C8juj+0Mg/AorgD8O5wE3naddK0G+aXuNMqRuc4jlsYHHWHtIzVw==",
      "requires": {
        "@motionone/dom": "^10.16.2",
        "tslib": "^2.3.1"
      }
    },
    "@next/env": {
      "version": "13.4.12",
      "resolved": "https://registry.npmjs.org/@next/env/-/env-13.4.12.tgz",
      "integrity": "sha512-RmHanbV21saP/6OEPBJ7yJMuys68cIf8OBBWd7+uj40LdpmswVAwe1uzeuFyUsd6SfeITWT3XnQfn6wULeKwDQ=="
    },
    "@next/swc-darwin-arm64": {
      "version": "13.4.12",
      "resolved": "https://registry.npmjs.org/@next/swc-darwin-arm64/-/swc-darwin-arm64-13.4.12.tgz",
      "integrity": "sha512-deUrbCXTMZ6ZhbOoloqecnUeNpUOupi8SE2tx4jPfNS9uyUR9zK4iXBvH65opVcA/9F5I/p8vDXSYbUlbmBjZg==",
      "optional": true
    },
    "@next/swc-darwin-x64": {
      "version": "13.4.12",
      "resolved": "https://registry.npmjs.org/@next/swc-darwin-x64/-/swc-darwin-x64-13.4.12.tgz",
      "integrity": "sha512-WRvH7RxgRHlC1yb5oG0ZLx8F7uci9AivM5/HGGv9ZyG2Als8Ij64GC3d+mQ5sJhWjusyU6T6V1WKTUoTmOB0zQ==",
      "optional": true
    },
    "@next/swc-linux-arm64-gnu": {
      "version": "13.4.12",
      "resolved": "https://registry.npmjs.org/@next/swc-linux-arm64-gnu/-/swc-linux-arm64-gnu-13.4.12.tgz",
      "integrity": "sha512-YEKracAWuxp54tKiAvvq73PUs9lok57cc8meYRibTWe/VdPB2vLgkTVWFcw31YDuRXdEhdX0fWS6Q+ESBhnEig==",
      "optional": true
    },
    "@next/swc-linux-arm64-musl": {
      "version": "13.4.12",
      "resolved": "https://registry.npmjs.org/@next/swc-linux-arm64-musl/-/swc-linux-arm64-musl-13.4.12.tgz",
      "integrity": "sha512-LhJR7/RAjdHJ2Isl2pgc/JaoxNk0KtBgkVpiDJPVExVWA1c6gzY57+3zWuxuyWzTG+fhLZo2Y80pLXgIJv7g3g==",
      "optional": true
    },
    "@next/swc-linux-x64-gnu": {
      "version": "13.4.12",
      "resolved": "https://registry.npmjs.org/@next/swc-linux-x64-gnu/-/swc-linux-x64-gnu-13.4.12.tgz",
      "integrity": "sha512-1DWLL/B9nBNiQRng+1aqs3OaZcxC16Nf+mOnpcrZZSdyKHek3WQh6j/fkbukObgNGwmCoVevLUa/p3UFTTqgqg==",
      "optional": true
    },
    "@next/swc-linux-x64-musl": {
      "version": "13.4.12",
      "resolved": "https://registry.npmjs.org/@next/swc-linux-x64-musl/-/swc-linux-x64-musl-13.4.12.tgz",
      "integrity": "sha512-kEAJmgYFhp0VL+eRWmUkVxLVunn7oL9Mdue/FS8yzRBVj7Z0AnIrHpTIeIUl1bbdQq1VaoOztnKicAjfkLTRCQ==",
      "optional": true
    },
    "@next/swc-win32-arm64-msvc": {
      "version": "13.4.12",
      "resolved": "https://registry.npmjs.org/@next/swc-win32-arm64-msvc/-/swc-win32-arm64-msvc-13.4.12.tgz",
      "integrity": "sha512-GMLuL/loR6yIIRTnPRY6UGbLL9MBdw2anxkOnANxvLvsml4F0HNIgvnU3Ej4BjbqMTNjD4hcPFdlEow4XHPdZA==",
      "optional": true
    },
    "@next/swc-win32-ia32-msvc": {
      "version": "13.4.12",
      "resolved": "https://registry.npmjs.org/@next/swc-win32-ia32-msvc/-/swc-win32-ia32-msvc-13.4.12.tgz",
      "integrity": "sha512-PhgNqN2Vnkm7XaMdRmmX0ZSwZXQAtamBVSa9A/V1dfKQCV1rjIZeiy/dbBnVYGdj63ANfsOR/30XpxP71W0eww==",
      "optional": true
    },
    "@next/swc-win32-x64-msvc": {
      "version": "13.4.12",
      "resolved": "https://registry.npmjs.org/@next/swc-win32-x64-msvc/-/swc-win32-x64-msvc-13.4.12.tgz",
      "integrity": "sha512-Z+56e/Ljt0bUs+T+jPjhFyxYBcdY2RIq9ELFU+qAMQMteHo7ymbV7CKmlcX59RI9C4YzN8PgMgLyAoi916b5HA==",
      "optional": true
    },
    "@swc/helpers": {
      "version": "0.5.1",
      "resolved": "https://registry.npmjs.org/@swc/helpers/-/helpers-0.5.1.tgz",
      "integrity": "sha512-sJ902EfIzn1Fa+qYmjdQqh8tPsoxyBz+8yBKC2HKUxyezKJFwPGOn7pv4WY6QuQW//ySQi5lJjA/ZT9sNWWNTg==",
      "requires": {
        "tslib": "^2.4.0"
      }
    },
    "aos": {
      "version": "2.3.4",
      "resolved": "https://registry.npmjs.org/aos/-/aos-2.3.4.tgz",
      "integrity": "sha512-zh/ahtR2yME4I51z8IttIt4lC1Nw0ktsFtmeDzID1m9naJnWXhCoARaCgNOGXb5CLy3zm+wqmRAEgMYB5E2HUw==",
      "requires": {
        "classlist-polyfill": "^1.0.3",
        "lodash.debounce": "^4.0.6",
        "lodash.throttle": "^4.0.1"
      }
    },
    "busboy": {
      "version": "1.6.0",
      "resolved": "https://registry.npmjs.org/busboy/-/busboy-1.6.0.tgz",
      "integrity": "sha512-8SFQbg/0hQ9xy3UNTB0YEnsNBbWfhf7RtnzpL7TkBiTBRfrQ9Fxcnz7VJsleJpyp6rVLvXiuORqjlHi5q+PYuA==",
      "requires": {
        "streamsearch": "^1.1.0"
      }
    },
    "caniuse-lite": {
      "version": "1.0.30001518",
      "resolved": "https://registry.npmjs.org/caniuse-lite/-/caniuse-lite-1.0.30001518.tgz",
      "integrity": "sha512-rup09/e3I0BKjncL+FesTayKtPrdwKhUufQFd3riFw1hHg8JmIFoInYfB102cFcY/pPgGmdyl/iy+jgiDi2vdA=="
    },
    "classlist-polyfill": {
      "version": "1.2.0",
      "resolved": "https://registry.npmjs.org/classlist-polyfill/-/classlist-polyfill-1.2.0.tgz",
      "integrity": "sha512-GzIjNdcEtH4ieA2S8NmrSxv7DfEV5fmixQeyTmqmRmRJPGpRBaSnA2a0VrCjyT8iW8JjEdMbKzDotAJf+ajgaQ=="
    },
    "client-only": {
      "version": "0.0.1",
      "resolved": "https://registry.npmjs.org/client-only/-/client-only-0.0.1.tgz",
      "integrity": "sha512-IV3Ou0jSMzZrd3pZ48nLkT9DA7Ag1pnPzaiQhpW7c3RbcqqzvzzVu+L8gfqMp/8IM2MQtSiqaCxrrcfu8I8rMA=="
    },
    "clsx": {
      "version": "1.2.1",
      "resolved": "https://registry.npmjs.org/clsx/-/clsx-1.2.1.tgz",
      "integrity": "sha512-EcR6r5a8bj6pu3ycsa/E/cKVGuTgZJZdsyUYHOksG/UHIiKfjxzRxYJpyVBwYaQeOvghal9fcc4PidlgzugAQg=="
    },
    "emailjs": {
      "version": "4.0.2",
      "resolved": "https://registry.npmjs.org/emailjs/-/emailjs-4.0.2.tgz",
      "integrity": "sha512-w/tldI93qO7uw9XzdwCCRR36OY/TYJxB81vEOmQkmxVDZOdrAnoQoOAvaMoDmmBUSoD1msyAIwBdKFWzC7lgKQ==",
      "requires": {}
    },
    "file-saver": {
      "version": "2.0.5",
      "resolved": "https://registry.npmjs.org/file-saver/-/file-saver-2.0.5.tgz",
      "integrity": "sha512-P9bmyZ3h/PRG+Nzga+rbdI4OEpNDzAVyy74uVO9ATgzLK6VtAsYybF/+TOCvrc0MO793d6+42lLyZTw7/ArVzA=="
    },
    "framer-motion": {
      "version": "10.15.0",
      "resolved": "https://registry.npmjs.org/framer-motion/-/framer-motion-10.15.0.tgz",
      "integrity": "sha512-HDjWrYWgbO5orKuhnXETLFzk7UUvwWur2HFs2elAZ8lVpI49ClHql31DNTVvVBcOrSHfAOS4eBDBedIvOx634w==",
      "requires": {
        "@emotion/is-prop-valid": "^0.8.2",
        "tslib": "^2.4.0"
      }
    },
    "glob-to-regexp": {
      "version": "0.4.1",
      "resolved": "https://registry.npmjs.org/glob-to-regexp/-/glob-to-regexp-0.4.1.tgz",
      "integrity": "sha512-lkX1HJXwyMcprw/5YUZc2s7DrpAiHB21/V+E1rHUrVNokkvB6bqMzT0VfV6/86ZNabt1k14YOIaT7nDvOX3Iiw=="
    },
    "graceful-fs": {
      "version": "4.2.11",
      "resolved": "https://registry.npmjs.org/graceful-fs/-/graceful-fs-4.2.11.tgz",
      "integrity": "sha512-RbJ5/jmFcNNCcDV5o9eTnBLJ/HszWV0P73bc+Ff4nS/rJj+YaS6IGyiOL0VoBYX+l1Wrl3k63h/KrH+nhJ0XvQ=="
    },
    "hey-listen": {
      "version": "1.0.8",
      "resolved": "https://registry.npmjs.org/hey-listen/-/hey-listen-1.0.8.tgz",
      "integrity": "sha512-COpmrF2NOg4TBWUJ5UVyaCU2A88wEMkUPK4hNqyCkqHbxT92BbvfjoSozkAIIm6XhicGlJHhFdullInrdhwU8Q=="
    },
    "js-tokens": {
      "version": "4.0.0",
      "resolved": "https://registry.npmjs.org/js-tokens/-/js-tokens-4.0.0.tgz",
      "integrity": "sha512-RdJUflcE3cUzKiMqQgsCu06FPu9UdIJO0beYbPhHN4k6apgJtifcoCtT9bcxOpYBtpD2kCM6Sbzg4CausW/PKQ=="
    },
    "lodash.debounce": {
      "version": "4.0.8",
      "resolved": "https://registry.npmjs.org/lodash.debounce/-/lodash.debounce-4.0.8.tgz",
      "integrity": "sha512-FT1yDzDYEoYWhnSGnpE/4Kj1fLZkDFyqRb7fNt6FdYOSxlUWAtp42Eh6Wb0rGIv/m9Bgo7x4GhQbm5Ys4SG5ow=="
    },
    "lodash.throttle": {
      "version": "4.1.1",
      "resolved": "https://registry.npmjs.org/lodash.throttle/-/lodash.throttle-4.1.1.tgz",
      "integrity": "sha512-wIkUCfVKpVsWo3JSZlc+8MB5it+2AN5W8J7YVMST30UrvcQNZ1Okbj+rbVniijTWE6FGYy4XJq/rHkas8qJMLQ=="
    },
    "loose-envify": {
      "version": "1.4.0",
      "resolved": "https://registry.npmjs.org/loose-envify/-/loose-envify-1.4.0.tgz",
      "integrity": "sha512-lyuxPGr/Wfhrlem2CL/UcnUc1zcqKAImBDzukY7Y5F/yQiNdko6+fRLevlw1HgMySw7f611UIY408EtxRSoK3Q==",
      "requires": {
        "js-tokens": "^3.0.0 || ^4.0.0"
      }
    },
    "motion": {
      "version": "10.16.2",
      "resolved": "https://registry.npmjs.org/motion/-/motion-10.16.2.tgz",
      "integrity": "sha512-p+PurYqfUdcJZvtnmAqu5fJgV2kR0uLFQuBKtLeFVTrYEVllI99tiOTSefVNYuip9ELTEkepIIDftNdze76NAQ==",
      "requires": {
        "@motionone/animation": "^10.15.1",
        "@motionone/dom": "^10.16.2",
        "@motionone/svelte": "^10.16.2",
        "@motionone/types": "^10.15.1",
        "@motionone/utils": "^10.15.1",
        "@motionone/vue": "^10.16.2"
      }
    },
    "nanoid": {
      "version": "3.3.6",
      "resolved": "https://registry.npmjs.org/nanoid/-/nanoid-3.3.6.tgz",
      "integrity": "sha512-BGcqMMJuToF7i1rt+2PWSNVnWIkGCU78jBG3RxO/bZlnZPK2Cmi2QaffxGO/2RvWi9sL+FAiRiXMgsyxQ1DIDA=="
    },
    "next": {
      "version": "13.4.12",
      "resolved": "https://registry.npmjs.org/next/-/next-13.4.12.tgz",
      "integrity": "sha512-eHfnru9x6NRmTMcjQp6Nz0J4XH9OubmzOa7CkWL+AUrUxpibub3vWwttjduu9No16dug1kq04hiUUpo7J3m3Xw==",
      "requires": {
        "@next/env": "13.4.12",
        "@next/swc-darwin-arm64": "13.4.12",
        "@next/swc-darwin-x64": "13.4.12",
        "@next/swc-linux-arm64-gnu": "13.4.12",
        "@next/swc-linux-arm64-musl": "13.4.12",
        "@next/swc-linux-x64-gnu": "13.4.12",
        "@next/swc-linux-x64-musl": "13.4.12",
        "@next/swc-win32-arm64-msvc": "13.4.12",
        "@next/swc-win32-ia32-msvc": "13.4.12",
        "@next/swc-win32-x64-msvc": "13.4.12",
        "@swc/helpers": "0.5.1",
        "busboy": "1.6.0",
        "caniuse-lite": "^1.0.30001406",
        "postcss": "8.4.14",
        "styled-jsx": "5.1.1",
        "watchpack": "2.4.0",
        "zod": "3.21.4"
      }
    },
    "picocolors": {
      "version": "1.0.0",
      "resolved": "https://registry.npmjs.org/picocolors/-/picocolors-1.0.0.tgz",
      "integrity": "sha512-1fygroTLlHu66zi26VoTDv8yRgm0Fccecssto+MhsZ0D/DGW2sm8E8AjW7NU5VVTRt5GxbeZ5qBuJr+HyLYkjQ=="
    },
    "postcss": {
      "version": "8.4.14",
      "resolved": "https://registry.npmjs.org/postcss/-/postcss-8.4.14.tgz",
      "integrity": "sha512-E398TUmfAYFPBSdzgeieK2Y1+1cpdxJx8yXbK/m57nRhKSmk1GB2tO4lbLBtlkfPQTDKfe4Xqv1ASWPpayPEig==",
      "requires": {
        "nanoid": "^3.3.4",
        "picocolors": "^1.0.0",
        "source-map-js": "^1.0.2"
      }
    },
    "react": {
      "version": "18.2.0",
      "resolved": "https://registry.npmjs.org/react/-/react-18.2.0.tgz",
      "integrity": "sha512-/3IjMdb2L9QbBdWiW5e3P2/npwMBaU9mHCSCUzNln0ZCYbcfTsGbTJrU/kGemdH2IWmB2ioZ+zkxtmq6g09fGQ==",
      "requires": {
        "loose-envify": "^1.1.0"
      }
    },
    "react-dom": {
      "version": "18.2.0",
      "resolved": "https://registry.npmjs.org/react-dom/-/react-dom-18.2.0.tgz",
      "integrity": "sha512-6IMTriUmvsjHUjNtEDudZfuDQUoWXVxKHhlEGSk81n4YFS+r/Kl99wXiwlVXtPBtJenozv2P+hxDsw9eA7Xo6g==",
      "requires": {
        "loose-envify": "^1.1.0",
        "scheduler": "^0.23.0"
      }
    },
    "react-icons": {
      "version": "4.10.1",
      "resolved": "https://registry.npmjs.org/react-icons/-/react-icons-4.10.1.tgz",
      "integrity": "sha512-/ngzDP/77tlCfqthiiGNZeYFACw85fUjZtLbedmJ5DTlNDIwETxhwBzdOJ21zj4iJdvc0J3y7yOsX3PpxAJzrw==",
      "requires": {}
    },
    "react-toastify": {
      "version": "9.1.3",
      "resolved": "https://registry.npmjs.org/react-toastify/-/react-toastify-9.1.3.tgz",
      "integrity": "sha512-fPfb8ghtn/XMxw3LkxQBk3IyagNpF/LIKjOBflbexr2AWxAH1MJgvnESwEwBn9liLFXgTKWgBSdZpw9m4OTHTg==",
      "requires": {
        "clsx": "^1.1.1"
      }
    },
    "scheduler": {
      "version": "0.23.0",
      "resolved": "https://registry.npmjs.org/scheduler/-/scheduler-0.23.0.tgz",
      "integrity": "sha512-CtuThmgHNg7zIZWAXi3AsyIzA3n4xx7aNyjwC2VJldO2LMVDhFK+63xGqq6CsJH4rTAt6/M+N4GhZiDYPx9eUw==",
      "requires": {
        "loose-envify": "^1.1.0"
      }
    },
    "source-map-js": {
      "version": "1.0.2",
      "resolved": "https://registry.npmjs.org/source-map-js/-/source-map-js-1.0.2.tgz",
      "integrity": "sha512-R0XvVJ9WusLiqTCEiGCmICCMplcCkIwwR11mOSD9CR5u+IXYdiseeEuXCVAjS54zqwkLcPNnmU4OeJ6tUrWhDw=="
    },
    "streamsearch": {
      "version": "1.1.0",
      "resolved": "https://registry.npmjs.org/streamsearch/-/streamsearch-1.1.0.tgz",
      "integrity": "sha512-Mcc5wHehp9aXz1ax6bZUyY5afg9u2rv5cqQI3mRrYkGC8rW2hM02jWuwjtL++LS5qinSyhj2QfLyNsuc+VsExg=="
    },
    "styled-jsx": {
      "version": "5.1.1",
      "resolved": "https://registry.npmjs.org/styled-jsx/-/styled-jsx-5.1.1.tgz",
      "integrity": "sha512-pW7uC1l4mBZ8ugbiZrcIsiIvVx1UmTfw7UkC3Um2tmfUq9Bhk8IiyEIPl6F8agHgjzku6j0xQEZbfA5uSgSaCw==",
      "requires": {
        "client-only": "0.0.1"
      }
    },
    "tslib": {
      "version": "2.6.1",
      "resolved": "https://registry.npmjs.org/tslib/-/tslib-2.6.1.tgz",
      "integrity": "sha512-t0hLfiEKfMUoqhG+U1oid7Pva4bbDPHYfJNiB7BiIjRkj1pyC++4N3huJfqY6aRH6VTB0rvtzQwjM4K6qpfOig=="
    },
    "watchpack": {
      "version": "2.4.0",
      "resolved": "https://registry.npmjs.org/watchpack/-/watchpack-2.4.0.tgz",
      "integrity": "sha512-Lcvm7MGST/4fup+ifyKi2hjyIAwcdI4HRgtvTpIUxBRhB+RFtUh8XtDOxUfctVCnhVi+QQj49i91OyvzkJl6cg==",
      "requires": {
        "glob-to-regexp": "^0.4.1",
        "graceful-fs": "^4.1.2"
      }
    },
    "zod": {
      "version": "3.21.4",
      "resolved": "https://registry.npmjs.org/zod/-/zod-3.21.4.tgz",
      "integrity": "sha512-m46AKbrzKVzOzs/DZgVnG5H55N1sv1M8qZU3A8RIKbs3mrACDNeIOeilDymVb2HdmP8uwshOCF4uJ8uM9rCqJw=="
    }
  }
}
